
Microsoft Visual Studio Solution File, Format Version 12.00
# Visual Studio Version 17
VisualStudioVersion = 17.13.35818.85 d17.13
MinimumVisualStudioVersion = 10.0.40219.1
Project("{FAE04EC0-301F-11D3-BF4B-00C04F79EFBC}") = "SafeScribe", "SafeScribe.csproj", "{94A30D84-8466-4632-801D-3B35AC87E60B}"
EndProject
Global
	GlobalSection(SolutionConfigurationPlatforms) = preSolution
		Debug|Any CPU = Debug|Any CPU
		Release|Any CPU = Release|Any CPU
	EndGlobalSection
	GlobalSection(ProjectConfigurationPlatforms) = postSolution
		{94A30D84-8466-4632-801D-3B35AC87E60B}.Debug|Any CPU.ActiveCfg = Debug|Any CPU
		{94A30D84-8466-4632-801D-3B35AC87E60B}.Debug|Any CPU.Build.0 = Debug|Any CPU
		{94A30D84-8466-4632-801D-3B35AC87E60B}.Release|Any CPU.ActiveCfg = Release|Any CPU
		{94A30D84-8466-4632-801D-3B35AC87E60B}.Release|Any CPU.Build.0 = Release|Any CPU
	EndGlobalSection
	GlobalSection(SolutionProperties) = preSolution
		HideSolutionNode = FALSE
	EndGlobalSection
	GlobalSection(ExtensibilityGlobals) = postSolution
		SolutionGuid = {398AFC40-41B7-4427-9EB2-207AECADAC67}
	EndGlobalSection
EndGlobal
